
Microsoft Visual Studio Solution File, Format Version 12.00
# Visual Studio Version 17
VisualStudioVersion = 17.7.34202.233
MinimumVisualStudioVersion = 10.0.40219.1
Project("{8BC9CEB8-8B4A-11D0-8D11-00A0C91BC942}") = "c++bisic plus", "c++bisic plus\c++bisic plus.vcxproj", "{EAA47895-220C-477D-AA78-D76588BE5C4D}"
EndProject
Global
	GlobalSection(SolutionConfigurationPlatforms) = preSolution
		Debug|x64 = Debug|x64
		Debug|x86 = Debug|x86
		Release|x64 = Release|x64
		Release|x86 = Release|x86
	EndGlobalSection
	GlobalSection(ProjectConfigurationPlatforms) = postSolution
		{EAA47895-220C-477D-AA78-D76588BE5C4D}.Debug|x64.ActiveCfg = Debug|x64
		{EAA47895-220C-477D-AA78-D76588BE5C4D}.Debug|x64.Build.0 = Debug|x64
		{EAA47895-220C-477D-AA78-D76588BE5C4D}.Debug|x86.ActiveCfg = Debug|Win32
		{EAA47895-220C-477D-AA78-D76588BE5C4D}.Debug|x86.Build.0 = Debug|Win32
		{EAA47895-220C-477D-AA78-D76588BE5C4D}.Release|x64.ActiveCfg = Debug|x64
		{EAA47895-220C-477D-AA78-D76588BE5C4D}.Release|x64.Build.0 = Debug|x64
		{EAA47895-220C-477D-AA78-D76588BE5C4D}.Release|x86.ActiveCfg = Release|Win32
		{EAA47895-220C-477D-AA78-D76588BE5C4D}.Release|x86.Build.0 = Release|Win32
	EndGlobalSection
	GlobalSection(SolutionProperties) = preSolution
		HideSolutionNode = FALSE
	EndGlobalSection
	GlobalSection(ExtensibilityGlobals) = postSolution
		SolutionGuid = {377C73DC-CD33-440B-A4F8-DDDB752A3E29}
	EndGlobalSection
EndGlobal
