<?xml version="1.0" encoding="utf-8"?>
<Project ToolsVersion="4.0" xmlns="http://schemas.microsoft.com/developer/msbuild/2003">
  <ItemGroup>
    <Filter Include="소스 파일">
      <UniqueIdentifier>{4FC737F1-C7A5-4376-A066-2A32D752A2FF}</UniqueIdentifier>
      <Extensions>cpp;c;cc;cxx;c++;cppm;ixx;def;odl;idl;hpj;bat;asm;asmx</Extensions>
    </Filter>
    <Filter Include="헤더 파일">
      <UniqueIdentifier>{93995380-89BD-4b04-88EB-625FBE52EBFB}</UniqueIdentifier>
      <Extensions>h;hh;hpp;hxx;h++;hm;inl;inc;ipp;xsd</Extensions>
    </Filter>
    <Filter Include="리소스 파일">
      <UniqueIdentifier>{67DA6AB6-F800-4c08-8B7A-83BB121AAD01}</UniqueIdentifier>
      <Extensions>rc;ico;cur;bmp;dlg;rc2;rct;bin;rgs;gif;jpg;jpeg;jpe;resx;tiff;tif;png;wav;mfcribbon-ms</Extensions>
    </Filter>
    <Filter Include="소스 파일\Q2">
      <UniqueIdentifier>{d053544a-95bd-45a5-bebe-58856a7a959d}</UniqueIdentifier>
    </Filter>
    <Filter Include="소스 파일\Q3">
      <UniqueIdentifier>{fa8ed35a-9a03-4721-9208-e7e7d5950a69}</UniqueIdentifier>
    </Filter>
    <Filter Include="소스 파일\Q4">
      <UniqueIdentifier>{696b1e37-fc10-4179-994c-376e9ddf4ffa}</UniqueIdentifier>
    </Filter>
    <Filter Include="소스 파일\Q5">
      <UniqueIdentifier>{fdf32106-bf4e-4b8e-83a4-146b018097d1}</UniqueIdentifier>
    </Filter>
    <Filter Include="소스 파일\Q6">
      <UniqueIdentifier>{390aa48b-00c8-44d6-87da-c2b46aee8303}</UniqueIdentifier>
    </Filter>
    <Filter Include="소스 파일\Q7">
      <UniqueIdentifier>{220fe900-ba1d-480f-bb36-197c0ed09862}</UniqueIdentifier>
    </Filter>
    <Filter Include="소스 파일\Q8">
      <UniqueIdentifier>{cf7b6330-3f66-4561-b074-41705c99f1ee}</UniqueIdentifier>
    </Filter>
    <Filter Include="소스 파일\Q9">
      <UniqueIdentifier>{8a1d2dcc-9d8b-4b72-b009-0860c5d0c5ff}</UniqueIdentifier>
    </Filter>
    <Filter Include="소스 파일\Q10">
      <UniqueIdentifier>{339a7680-ce88-473f-9b5c-96bd2fdc504d}</UniqueIdentifier>
    </Filter>
    <Filter Include="소스 파일\Q11">
      <UniqueIdentifier>{0193d95d-ac17-4789-ad5b-3e3959e32258}</UniqueIdentifier>
    </Filter>
    <Filter Include="소스 파일\Q12">
      <UniqueIdentifier>{8593dfa9-d33e-4e7a-9136-c3e32eaa9812}</UniqueIdentifier>
    </Filter>
    <Filter Include="소스 파일\Q13">
      <UniqueIdentifier>{07c615dc-badd-49da-8ddd-6df4c768b948}</UniqueIdentifier>
    </Filter>
    <Filter Include="헤더 파일\Q">
      <UniqueIdentifier>{d1a3777e-d8a1-4a1c-8a6b-fd48fda95e1f}</UniqueIdentifier>
    </Filter>
    <Filter Include="소스 파일\Q14">
      <UniqueIdentifier>{23c3347b-dd80-4a95-855f-8e9c89192524}</UniqueIdentifier>
    </Filter>
  </ItemGroup>
  <ItemGroup>
    <ClCompile Include="main.cpp">
      <Filter>소스 파일</Filter>
    </ClCompile>
    <ClCompile Include="Q2_1.cpp">
      <Filter>소스 파일\Q2</Filter>
    </ClCompile>
    <ClCompile Include="Q2-2.cpp">
      <Filter>소스 파일\Q2</Filter>
    </ClCompile>
    <ClCompile Include="Q2-3.cpp">
      <Filter>소스 파일\Q2</Filter>
    </ClCompile>
    <ClCompile Include="Q2-4.cpp">
      <Filter>소스 파일\Q2</Filter>
    </ClCompile>
    <ClCompile Include="Q2-5.cpp">
      <Filter>소스 파일\Q2</Filter>
    </ClCompile>
    <ClCompile Include="Q2-6.cpp">
      <Filter>소스 파일\Q2</Filter>
    </ClCompile>
    <ClCompile Include="Q2-7.cpp">
      <Filter>소스 파일\Q2</Filter>
    </ClCompile>
    <ClCompile Include="Q3-1.cpp">
      <Filter>소스 파일\Q3</Filter>
    </ClCompile>
    <ClCompile Include="Q3-2.cpp">
      <Filter>소스 파일\Q3</Filter>
    </ClCompile>
    <ClCompile Include="Q3-3.cpp">
      <Filter>소스 파일\Q3</Filter>
    </ClCompile>
    <ClCompile Include="Q3-4.cpp">
      <Filter>소스 파일\Q3</Filter>
    </ClCompile>
    <ClCompile Include="Q3-5.cpp">
      <Filter>소스 파일\Q3</Filter>
    </ClCompile>
    <ClCompile Include="Q3-6.cpp">
      <Filter>소스 파일\Q3</Filter>
    </ClCompile>
    <ClCompile Include="Q3-7.cpp">
      <Filter>소스 파일\Q3</Filter>
    </ClCompile>
    <ClCompile Include="Q4-ex.cpp">
      <Filter>소스 파일\Q4</Filter>
    </ClCompile>
    <ClCompile Include="Q4_1.cpp">
      <Filter>소스 파일\Q4</Filter>
    </ClCompile>
    <ClCompile Include="Q4-2.cpp">
      <Filter>소스 파일\Q4</Filter>
    </ClCompile>
    <ClCompile Include="Q4-4.cpp">
      <Filter>소스 파일\Q4</Filter>
    </ClCompile>
    <ClCompile Include="Q4-3.cpp">
      <Filter>소스 파일\Q4</Filter>
    </ClCompile>
    <ClCompile Include="Q4-5.cpp">
      <Filter>소스 파일\Q4</Filter>
    </ClCompile>
    <ClCompile Include="Q4-6.cpp">
      <Filter>소스 파일\Q4</Filter>
    </ClCompile>
    <ClCompile Include="Q4-7.cpp">
      <Filter>소스 파일\Q4</Filter>
    </ClCompile>
    <ClCompile Include="Q4-8.cpp">
      <Filter>소스 파일\Q4</Filter>
    </ClCompile>
    <ClCompile Include="Q4-9.cpp">
      <Filter>소스 파일\Q4</Filter>
    </ClCompile>
    <ClCompile Include="Q4-10.cpp">
      <Filter>소스 파일\Q4</Filter>
    </ClCompile>
    <ClCompile Include="Q5-1.cpp">
      <Filter>소스 파일\Q5</Filter>
    </ClCompile>
    <ClCompile Include="Q5-2.cpp">
      <Filter>소스 파일\Q5</Filter>
    </ClCompile>
    <ClCompile Include="Q5-3.cpp">
      <Filter>소스 파일\Q5</Filter>
    </ClCompile>
    <ClCompile Include="Q5-4.cpp">
      <Filter>소스 파일\Q5</Filter>
    </ClCompile>
    <ClCompile Include="Q5-5.cpp">
      <Filter>소스 파일\Q5</Filter>
    </ClCompile>
    <ClCompile Include="Q5-6.cpp">
      <Filter>소스 파일\Q5</Filter>
    </ClCompile>
    <ClCompile Include="Q5-7.cpp">
      <Filter>소스 파일\Q5</Filter>
    </ClCompile>
    <ClCompile Include="Q5-8.cpp">
      <Filter>소스 파일\Q5</Filter>
    </ClCompile>
    <ClCompile Include="Q5-9.cpp">
      <Filter>소스 파일\Q5</Filter>
    </ClCompile>
    <ClCompile Include="Q5-10.cpp">
      <Filter>소스 파일\Q5</Filter>
    </ClCompile>
    <ClCompile Include="Q6-1.cpp">
      <Filter>소스 파일\Q6</Filter>
    </ClCompile>
    <ClCompile Include="Q6-2.cpp">
      <Filter>소스 파일\Q6</Filter>
    </ClCompile>
    <ClCompile Include="Q6-3.cpp">
      <Filter>소스 파일\Q6</Filter>
    </ClCompile>
    <ClCompile Include="Q6-4.cpp">
      <Filter>소스 파일\Q6</Filter>
    </ClCompile>
    <ClCompile Include="Q6-5.cpp">
      <Filter>소스 파일\Q6</Filter>
    </ClCompile>
    <ClCompile Include="Q6-7.cpp">
      <Filter>소스 파일\Q6</Filter>
    </ClCompile>
    <ClCompile Include="Q6-8.cpp">
      <Filter>소스 파일\Q6</Filter>
    </ClCompile>
    <ClCompile Include="Q6-6.cpp">
      <Filter>소스 파일\Q6</Filter>
    </ClCompile>
    <ClCompile Include="Q6-9.cpp">
      <Filter>소스 파일\Q6</Filter>
    </ClCompile>
    <ClCompile Include="Q7-1.cpp">
      <Filter>소스 파일\Q7</Filter>
    </ClCompile>
    <ClCompile Include="Q7-ex.cpp">
      <Filter>소스 파일\Q7</Filter>
    </ClCompile>
    <ClCompile Include="Q7-2.cpp">
      <Filter>소스 파일\Q7</Filter>
    </ClCompile>
    <ClCompile Include="Q7-3.cpp">
      <Filter>소스 파일\Q7</Filter>
    </ClCompile>
    <ClCompile Include="Q7-4.cpp">
      <Filter>소스 파일\Q7</Filter>
    </ClCompile>
    <ClCompile Include="Q7-5.cpp">
      <Filter>소스 파일\Q7</Filter>
    </ClCompile>
    <ClCompile Include="Q7-6.cpp">
      <Filter>소스 파일\Q7</Filter>
    </ClCompile>
    <ClCompile Include="Q7-7.cpp">
      <Filter>소스 파일\Q7</Filter>
    </ClCompile>
    <ClCompile Include="Q7-8.cpp">
      <Filter>소스 파일\Q7</Filter>
    </ClCompile>
    <ClCompile Include="Q7-9.cpp">
      <Filter>소스 파일\Q7</Filter>
    </ClCompile>
    <ClCompile Include="Q7-10.cpp">
      <Filter>소스 파일\Q7</Filter>
    </ClCompile>
    <ClCompile Include="Q8-ex.cpp">
      <Filter>소스 파일\Q8</Filter>
    </ClCompile>
    <ClCompile Include="Q8-1.cpp">
      <Filter>소스 파일\Q8</Filter>
    </ClCompile>
    <ClCompile Include="Q8-2.cpp">
      <Filter>소스 파일\Q8</Filter>
    </ClCompile>
    <ClCompile Include="Q8-3.cpp">
      <Filter>소스 파일\Q8</Filter>
    </ClCompile>
    <ClCompile Include="Q8-4.cpp">
      <Filter>소스 파일\Q8</Filter>
    </ClCompile>
    <ClCompile Include="Q8-5.cpp">
      <Filter>소스 파일\Q8</Filter>
    </ClCompile>
    <ClCompile Include="Q8-6.cpp">
      <Filter>소스 파일\Q8</Filter>
    </ClCompile>
    <ClCompile Include="Q8-7.cpp">
      <Filter>소스 파일\Q8</Filter>
    </ClCompile>
    <ClCompile Include="Q9-1.cpp">
      <Filter>소스 파일\Q9</Filter>
    </ClCompile>
    <ClCompile Include="golf.cpp">
      <Filter>소스 파일\Q9</Filter>
    </ClCompile>
    <ClCompile Include="Q9-2.cpp">
      <Filter>소스 파일\Q9</Filter>
    </ClCompile>
    <ClCompile Include="Q9-3.cpp">
      <Filter>소스 파일\Q9</Filter>
    </ClCompile>
    <ClCompile Include="sales.cpp">
      <Filter>소스 파일\Q9</Filter>
    </ClCompile>
    <ClCompile Include="Q9-4.cpp">
      <Filter>소스 파일\Q9</Filter>
    </ClCompile>
    <ClCompile Include="account.cpp">
      <Filter>소스 파일\Q10</Filter>
    </ClCompile>
    <ClCompile Include="Q10-1.cpp">
      <Filter>소스 파일\Q10</Filter>
    </ClCompile>
    <ClCompile Include="person.cpp">
      <Filter>소스 파일\Q10</Filter>
    </ClCompile>
    <ClCompile Include="Q10-2.cpp">
      <Filter>소스 파일\Q10</Filter>
    </ClCompile>
    <ClCompile Include="golf_class.cpp">
      <Filter>소스 파일\Q10</Filter>
    </ClCompile>
    <ClCompile Include="Q10-3.cpp">
      <Filter>소스 파일\Q10</Filter>
    </ClCompile>
    <ClCompile Include="sales_class.cpp">
      <Filter>소스 파일\Q10</Filter>
    </ClCompile>
    <ClCompile Include="Q10-4.cpp">
      <Filter>소스 파일\Q10</Filter>
    </ClCompile>
    <ClCompile Include="stack.cpp">
      <Filter>소스 파일\Q10</Filter>
    </ClCompile>
    <ClCompile Include="Q10-5.cpp">
      <Filter>소스 파일\Q10</Filter>
    </ClCompile>
    <ClCompile Include="move.cpp">
      <Filter>소스 파일\Q10</Filter>
    </ClCompile>
    <ClCompile Include="Q10_6.cpp">
      <Filter>소스 파일\Q10</Filter>
    </ClCompile>
    <ClCompile Include="plorg.h">
      <Filter>헤더 파일</Filter>
    </ClCompile>
    <ClCompile Include="plorg.cpp">
      <Filter>소스 파일\Q10</Filter>
    </ClCompile>
    <ClCompile Include="Q10-7.cpp">
      <Filter>소스 파일\Q10</Filter>
    </ClCompile>
    <ClCompile Include="List.cpp">
      <Filter>소스 파일\Q10</Filter>
    </ClCompile>
    <ClCompile Include="Q10-8.cpp">
      <Filter>소스 파일\Q10</Filter>
    </ClCompile>
    <ClCompile Include="vector.cpp">
      <Filter>소스 파일\Q11</Filter>
    </ClCompile>
    <ClCompile Include="Q11-1.cpp">
      <Filter>소스 파일\Q11</Filter>
    </ClCompile>
    <ClCompile Include="Q11-2.cpp">
      <Filter>소스 파일\Q11</Filter>
    </ClCompile>
    <ClCompile Include="Q11-3.cpp">
      <Filter>소스 파일\Q11</Filter>
    </ClCompile>
    <ClCompile Include="mytime.cpp">
      <Filter>소스 파일\Q11</Filter>
    </ClCompile>
    <ClCompile Include="Q11-4.cpp">
      <Filter>소스 파일\Q11</Filter>
    </ClCompile>
    <ClCompile Include="stonewt.cpp">
      <Filter>소스 파일\Q11</Filter>
    </ClCompile>
    <ClCompile Include="Q11-5.cpp">
      <Filter>소스 파일\Q11</Filter>
    </ClCompile>
    <ClCompile Include="Q11-6.cpp">
      <Filter>소스 파일\Q11</Filter>
    </ClCompile>
    <ClCompile Include="Complex0.cpp">
      <Filter>소스 파일\Q11</Filter>
    </ClCompile>
    <ClCompile Include="Q11-7.cpp">
      <Filter>소스 파일\Q11</Filter>
    </ClCompile>
    <ClCompile Include="Q12-1.cpp">
      <Filter>소스 파일\Q12</Filter>
    </ClCompile>
    <ClCompile Include="cow.cpp">
      <Filter>소스 파일\Q12</Filter>
    </ClCompile>
    <ClCompile Include="mystring.cpp">
      <Filter>소스 파일\Q12</Filter>
    </ClCompile>
    <ClCompile Include="Q12-2.cpp">
      <Filter>소스 파일\Q12</Filter>
    </ClCompile>
    <ClCompile Include="Stock.cpp">
      <Filter>소스 파일\Q12</Filter>
    </ClCompile>
    <ClCompile Include="Q12-3.cpp">
      <Filter>소스 파일\Q12</Filter>
    </ClCompile>
    <ClCompile Include="stack2.cpp">
      <Filter>소스 파일\Q12</Filter>
    </ClCompile>
    <ClCompile Include="Q12-4.cpp">
      <Filter>소스 파일\Q12</Filter>
    </ClCompile>
    <ClCompile Include="queue.cpp">
      <Filter>소스 파일\Q12</Filter>
    </ClCompile>
    <ClCompile Include="Q12-5.cpp">
      <Filter>소스 파일\Q12</Filter>
    </ClCompile>
    <ClCompile Include="Q12-6.cpp">
      <Filter>소스 파일\Q12</Filter>
    </ClCompile>
    <ClCompile Include="Cd.cpp">
      <Filter>소스 파일\Q13</Filter>
    </ClCompile>
    <ClCompile Include="Q13-1.cpp">
      <Filter>소스 파일\Q13</Filter>
    </ClCompile>
    <ClCompile Include="Q2.h">
      <Filter>헤더 파일\Q</Filter>
    </ClCompile>
    <ClCompile Include="Q13.h">
      <Filter>헤더 파일\Q</Filter>
    </ClCompile>
    <ClCompile Include="Cd2.cpp">
      <Filter>소스 파일\Q13</Filter>
    </ClCompile>
    <ClCompile Include="Q13-2.cpp">
      <Filter>소스 파일\Q13</Filter>
    </ClCompile>
    <ClCompile Include="dma.cpp">
      <Filter>소스 파일\Q13</Filter>
    </ClCompile>
    <ClCompile Include="Q13-3.cpp">
      <Filter>소스 파일\Q13</Filter>
    </ClCompile>
    <ClCompile Include="port.cpp">
      <Filter>소스 파일\Q13</Filter>
    </ClCompile>
    <ClCompile Include="Q13-4.cpp">
      <Filter>소스 파일\Q13</Filter>
    </ClCompile>
    <ClCompile Include="wine.cpp">
      <Filter>소스 파일\Q14</Filter>
    </ClCompile>
    <ClCompile Include="Q14-1.cpp">
      <Filter>소스 파일\Q14</Filter>
    </ClCompile>
    <ClCompile Include="wine2.cpp">
      <Filter>소스 파일\Q14</Filter>
    </ClCompile>
    <ClCompile Include="Q14-2.cpp">
      <Filter>소스 파일\Q14</Filter>
    </ClCompile>
    <ClCompile Include="Q14-3.cpp">
      <Filter>소스 파일\Q14</Filter>
    </ClCompile>
    <ClCompile Include="worker.cpp">
      <Filter>소스 파일\Q14</Filter>
    </ClCompile>
    <ClCompile Include="person_der.cpp">
      <Filter>소스 파일\Q14</Filter>
    </ClCompile>
    <ClCompile Include="Q14-4.cpp">
      <Filter>소스 파일\Q14</Filter>
    </ClCompile>
    <ClCompile Include="abstr_emp.cpp">
      <Filter>소스 파일\Q14</Filter>
    </ClCompile>
    <ClCompile Include="Q14-5.cpp">
      <Filter>소스 파일\Q14</Filter>
    </ClCompile>
  </ItemGroup>
  <ItemGroup>
    <ClInclude Include="main.h">
      <Filter>헤더 파일</Filter>
    </ClInclude>
    <ClInclude Include="golf.h">
      <Filter>헤더 파일</Filter>
    </ClInclude>
    <ClInclude Include="sales.h">
      <Filter>헤더 파일</Filter>
    </ClInclude>
    <ClInclude Include="account.h">
      <Filter>헤더 파일</Filter>
    </ClInclude>
    <ClInclude Include="person.h">
      <Filter>헤더 파일</Filter>
    </ClInclude>
    <ClInclude Include="golf_class.h">
      <Filter>헤더 파일</Filter>
    </ClInclude>
    <ClInclude Include="sales_class.h">
      <Filter>헤더 파일</Filter>
    </ClInclude>
    <ClInclude Include="stack.h">
      <Filter>헤더 파일</Filter>
    </ClInclude>
    <ClInclude Include="move.h">
      <Filter>헤더 파일</Filter>
    </ClInclude>
    <ClInclude Include="List.h">
      <Filter>헤더 파일</Filter>
    </ClInclude>
    <ClInclude Include="vector.h">
      <Filter>헤더 파일</Filter>
    </ClInclude>
    <ClInclude Include="mytime.h">
      <Filter>헤더 파일</Filter>
    </ClInclude>
    <ClInclude Include="stonewt.h">
      <Filter>헤더 파일</Filter>
    </ClInclude>
    <ClInclude Include="complex0.h">
      <Filter>헤더 파일</Filter>
    </ClInclude>
    <ClInclude Include="cow.h">
      <Filter>헤더 파일</Filter>
    </ClInclude>
    <ClInclude Include="mystring.h">
      <Filter>헤더 파일</Filter>
    </ClInclude>
    <ClInclude Include="stock.h">
      <Filter>헤더 파일</Filter>
    </ClInclude>
    <ClInclude Include="stack2.h">
      <Filter>헤더 파일</Filter>
    </ClInclude>
    <ClInclude Include="queue.h">
      <Filter>헤더 파일</Filter>
    </ClInclude>
    <ClInclude Include="cd.h">
      <Filter>헤더 파일</Filter>
    </ClInclude>
    <ClInclude Include="Q3.h">
      <Filter>헤더 파일\Q</Filter>
    </ClInclude>
    <ClInclude Include="Q4.h">
      <Filter>헤더 파일\Q</Filter>
    </ClInclude>
    <ClInclude Include="Q5.h">
      <Filter>헤더 파일\Q</Filter>
    </ClInclude>
    <ClInclude Include="Q6.h">
      <Filter>헤더 파일\Q</Filter>
    </ClInclude>
    <ClInclude Include="Q7.h">
      <Filter>헤더 파일\Q</Filter>
    </ClInclude>
    <ClInclude Include="Q8.h">
      <Filter>헤더 파일\Q</Filter>
    </ClInclude>
    <ClInclude Include="Q9.h">
      <Filter>헤더 파일\Q</Filter>
    </ClInclude>
    <ClInclude Include="Q10.h">
      <Filter>헤더 파일\Q</Filter>
    </ClInclude>
    <ClInclude Include="Q11.h">
      <Filter>헤더 파일\Q</Filter>
    </ClInclude>
    <ClInclude Include="Q12.h">
      <Filter>헤더 파일\Q</Filter>
    </ClInclude>
    <ClInclude Include="Cd2.h">
      <Filter>헤더 파일</Filter>
    </ClInclude>
    <ClInclude Include="dma.h">
      <Filter>헤더 파일</Filter>
    </ClInclude>
    <ClInclude Include="port.h">
      <Filter>헤더 파일</Filter>
    </ClInclude>
    <ClInclude Include="Q14.h">
      <Filter>헤더 파일\Q</Filter>
    </ClInclude>
    <ClInclude Include="wine.h">
      <Filter>헤더 파일</Filter>
    </ClInclude>
    <ClInclude Include="wine2.h">
      <Filter>헤더 파일</Filter>
    </ClInclude>
    <ClInclude Include="pair.h">
      <Filter>헤더 파일</Filter>
    </ClInclude>
    <ClInclude Include="queuetp.h">
      <Filter>헤더 파일</Filter>
    </ClInclude>
    <ClInclude Include="worker.h">
      <Filter>헤더 파일</Filter>
    </ClInclude>
    <ClInclude Include="person_der.h">
      <Filter>헤더 파일</Filter>
    </ClInclude>
    <ClInclude Include="abstr_emp.h">
      <Filter>헤더 파일</Filter>
    </ClInclude>
  </ItemGroup>
</Project>